{
  "nodes": {
    "Hyprspace": {
      "inputs": {
        "hyprland": [
          "hyprland"
        ],
        "systems": "systems"
      },
      "locked": {
        "lastModified": 1737235749,
        "narHash": "sha256-YQgW4QifYIcNaFF4nMw0LpllXn0rhk/Yb6cwyH3PB9o=",
        "owner": "KZDKM",
        "repo": "Hyprspace",
        "rev": "1b5865f4ac9a04ba614df50de7acfaa40dcb852f",
        "type": "github"
      },
      "original": {
        "owner": "KZDKM",
        "repo": "Hyprspace",
        "type": "github"
      }
    },
    "ags": {
      "inputs": {
        "astal": "astal",
        "nixpkgs": [
          "nixpkgs"
        ]
      },
      "locked": {
        "lastModified": 1737224637,
        "narHash": "sha256-FAytebF/lOl8ESnf3iaIEFCLw0+4uU/Tthb08B169hA=",
        "owner": "aylur",
        "repo": "ags",
        "rev": "92bdcb227dc390e2edb122b5bb182b38456b6a5e",
        "type": "github"
      },
      "original": {
        "owner": "aylur",
        "repo": "ags",
        "type": "github"
      }
    },
    "astal": {
      "inputs": {
        "nixpkgs": [
          "ags",
          "nixpkgs"
        ]
      },
      "locked": {
        "lastModified": 1737052425,
        "narHash": "sha256-sRX9eWJEThJ/0ZErG7LhHO9cFa3EIZloKA5NaLFfaF4=",
        "owner": "aylur",
        "repo": "astal",
        "rev": "897c6d810acfd31e6cc55df7692755b177a84fcb",
        "type": "github"
      },
      "original": {
        "owner": "aylur",
        "repo": "astal",
        "type": "github"
      }
    },
    "astal_2": {
      "inputs": {
        "nixpkgs": [
          "nixpkgs"
        ]
      },
      "locked": {
        "lastModified": 1737383010,
        "narHash": "sha256-wiB0bRpIqE8zRYqN3l9QuEY2LsUTnXrIEASv/SzGMQg=",
        "owner": "aylur",
        "repo": "astal",
        "rev": "4d6d85562be7fe25cf659f1f1898244e1bdb44ca",
        "type": "github"
      },
      "original": {
        "owner": "aylur",
        "repo": "astal",
        "type": "github"
      }
    },
    "care-nvim": {
      "inputs": {
        "flake-parts": "flake-parts_4",
        "gen-luarc": "gen-luarc",
        "nixpkgs": "nixpkgs_7"
      },
      "locked": {
        "lastModified": 1733911531,
        "narHash": "sha256-I0zliEcat3/Neb323VM0iyrrbAwH2wFuVF1V0M0BH7o=",
        "owner": "max397574",
        "repo": "care.nvim",
        "rev": "dba715ef083e1df2a7d47bd45d0b66e34ca5bba9",
        "type": "github"
      },
      "original": {
        "owner": "max397574",
        "repo": "care.nvim",
        "type": "github"
      }
    },
    "catppuccin": {
      "inputs": {
        "catppuccin-v1_1": "catppuccin-v1_1",
        "catppuccin-v1_2": "catppuccin-v1_2",
        "home-manager": "home-manager",
        "home-manager-stable": "home-manager-stable",
        "nixpkgs": "nixpkgs",
        "nixpkgs-stable": "nixpkgs-stable",
        "nuscht-search": "nuscht-search"
      },
      "locked": {
        "lastModified": 1737343289,
        "narHash": "sha256-JpPocT6RwOQCpMkYa/uSDNQHE6jUDG2Nt+qJ82N2QQI=",
        "owner": "catppuccin",
        "repo": "nix",
        "rev": "e68bce884ee1dec26efb6bee13e33a6649be0663",
        "type": "github"
      },
      "original": {
        "owner": "catppuccin",
        "repo": "nix",
        "type": "github"
      }
    },
    "catppuccin-v1_1": {
      "locked": {
        "lastModified": 1734055249,
        "narHash": "sha256-pCWJgwo77KD7EJpwynwKrWPZ//dwypHq2TfdzZWqK68=",
        "rev": "7221d6ca17ac36ed20588e1c3a80177ac5843fa7",
        "revCount": 326,
        "type": "tarball",
        "url": "https://api.flakehub.com/f/pinned/catppuccin/nix/1.1.1/0193bdc0-b045-7eed-bbec-95611a8ecdf5/source.tar.gz"
      },
      "original": {
        "type": "tarball",
        "url": "https://flakehub.com/f/catppuccin/nix/1.1.%2A.tar.gz"
      }
    },
    "catppuccin-v1_2": {
      "locked": {
        "lastModified": 1734734291,
        "narHash": "sha256-CFX4diEQHKvZYjnhf7TLg20m3ge1O4vqgplsk/Kuaek=",
        "rev": "1e4c3803b8da874ff75224ec8512cb173036bbd8",
        "revCount": 344,
        "type": "tarball",
        "url": "https://api.flakehub.com/f/pinned/catppuccin/nix/1.2.1/0193e646-1107-7f69-a402-f2a3988ecf1d/source.tar.gz"
      },
      "original": {
        "type": "tarball",
        "url": "https://flakehub.com/f/catppuccin/nix/1.2.%2A.tar.gz"
      }
    },
    "flake-compat": {
      "flake": false,
      "locked": {
        "lastModified": 1696426674,
        "narHash": "sha256-kvjfFW7WAETZlt09AgDn1MrtKzP7t90Vf7vypd3OL1U=",
        "owner": "edolstra",
        "repo": "flake-compat",
        "rev": "0f9255e01c2351cc7d116c072cb317785dd33b33",
        "type": "github"
      },
      "original": {
        "owner": "edolstra",
        "repo": "flake-compat",
        "type": "github"
      }
    },
    "flake-compat_2": {
      "flake": false,
      "locked": {
        "lastModified": 1733328505,
        "narHash": "sha256-NeCCThCEP3eCl2l/+27kNNK7QrwZB1IJCrXfrbv5oqU=",
        "owner": "edolstra",
        "repo": "flake-compat",
        "rev": "ff81ac966bb2cae68946d5ed5fc4994f96d0ffec",
        "type": "github"
      },
      "original": {
        "owner": "edolstra",
        "repo": "flake-compat",
        "type": "github"
      }
    },
    "flake-compat_3": {
      "flake": false,
      "locked": {
        "lastModified": 1696426674,
        "narHash": "sha256-kvjfFW7WAETZlt09AgDn1MrtKzP7t90Vf7vypd3OL1U=",
        "owner": "edolstra",
        "repo": "flake-compat",
        "rev": "0f9255e01c2351cc7d116c072cb317785dd33b33",
        "type": "github"
      },
      "original": {
        "owner": "edolstra",
        "repo": "flake-compat",
        "type": "github"
      }
    },
    "flake-compat_4": {
      "flake": false,
      "locked": {
        "lastModified": 1733328505,
        "narHash": "sha256-NeCCThCEP3eCl2l/+27kNNK7QrwZB1IJCrXfrbv5oqU=",
        "owner": "edolstra",
        "repo": "flake-compat",
        "rev": "ff81ac966bb2cae68946d5ed5fc4994f96d0ffec",
        "type": "github"
      },
      "original": {
        "owner": "edolstra",
        "repo": "flake-compat",
        "type": "github"
      }
    },
    "flake-parts": {
      "inputs": {
        "nixpkgs-lib": "nixpkgs-lib"
      },
      "locked": {
        "lastModified": 1719994518,
        "narHash": "sha256-pQMhCCHyQGRzdfAkdJ4cIWiw+JNuWsTX7f0ZYSyz0VY=",
        "owner": "hercules-ci",
        "repo": "flake-parts",
        "rev": "9227223f6d922fee3c7b190b2cc238a99527bbb7",
        "type": "github"
      },
      "original": {
        "owner": "hercules-ci",
        "repo": "flake-parts",
        "type": "github"
      }
    },
    "flake-parts_2": {
      "inputs": {
        "nixpkgs-lib": "nixpkgs-lib_2"
      },
      "locked": {
        "lastModified": 1717285511,
        "narHash": "sha256-iKzJcpdXih14qYVcZ9QC9XuZYnPc6T8YImb6dX166kw=",
        "owner": "hercules-ci",
        "repo": "flake-parts",
        "rev": "2a55567fcf15b1b1c7ed712a2c6fadaec7412ea8",
        "type": "github"
      },
      "original": {
        "owner": "hercules-ci",
        "repo": "flake-parts",
        "type": "github"
      }
    },
    "flake-parts_3": {
      "inputs": {
        "nixpkgs-lib": [
          "nur",
          "nixpkgs"
        ]
      },
      "locked": {
        "lastModified": 1733312601,
        "narHash": "sha256-4pDvzqnegAfRkPwO3wmwBhVi/Sye1mzps0zHWYnP88c=",
        "owner": "hercules-ci",
        "repo": "flake-parts",
        "rev": "205b12d8b7cd4802fbcb8e8ef6a0f1408781a4f9",
        "type": "github"
      },
      "original": {
        "owner": "hercules-ci",
        "repo": "flake-parts",
        "type": "github"
      }
    },
    "flake-parts_4": {
      "inputs": {
        "nixpkgs-lib": "nixpkgs-lib_3"
      },
      "locked": {
        "lastModified": 1717285511,
        "narHash": "sha256-iKzJcpdXih14qYVcZ9QC9XuZYnPc6T8YImb6dX166kw=",
        "owner": "hercules-ci",
        "repo": "flake-parts",
        "rev": "2a55567fcf15b1b1c7ed712a2c6fadaec7412ea8",
        "type": "github"
      },
      "original": {
        "owner": "hercules-ci",
        "repo": "flake-parts",
        "type": "github"
      }
    },
    "flake-parts_5": {
      "inputs": {
        "nixpkgs-lib": "nixpkgs-lib_4"
      },
      "locked": {
        "lastModified": 1717285511,
        "narHash": "sha256-iKzJcpdXih14qYVcZ9QC9XuZYnPc6T8YImb6dX166kw=",
        "owner": "hercules-ci",
        "repo": "flake-parts",
        "rev": "2a55567fcf15b1b1c7ed712a2c6fadaec7412ea8",
        "type": "github"
      },
      "original": {
        "owner": "hercules-ci",
        "repo": "flake-parts",
        "type": "github"
      }
    },
    "flake-parts_6": {
      "inputs": {
        "nixpkgs-lib": [
          "nvim-flake",
          "neovim-nightly-overlay",
          "nixpkgs"
        ]
      },
      "locked": {
        "lastModified": 1736143030,
        "narHash": "sha256-+hu54pAoLDEZT9pjHlqL9DNzWz0NbUn8NEAHP7PQPzU=",
        "owner": "hercules-ci",
        "repo": "flake-parts",
        "rev": "b905f6fc23a9051a6e1b741e1438dbfc0634c6de",
        "type": "github"
      },
      "original": {
        "owner": "hercules-ci",
        "repo": "flake-parts",
        "type": "github"
      }
    },
    "flake-parts_7": {
      "inputs": {
        "nixpkgs-lib": [
          "nvim-flake",
          "neovim-nightly-overlay",
          "hercules-ci-effects",
          "nixpkgs"
        ]
      },
      "locked": {
        "lastModified": 1736143030,
        "narHash": "sha256-+hu54pAoLDEZT9pjHlqL9DNzWz0NbUn8NEAHP7PQPzU=",
        "owner": "hercules-ci",
        "repo": "flake-parts",
        "rev": "b905f6fc23a9051a6e1b741e1438dbfc0634c6de",
        "type": "github"
      },
      "original": {
        "id": "flake-parts",
        "type": "indirect"
      }
    },
    "flake-utils": {
      "inputs": {
        "systems": "systems_2"
      },
      "locked": {
        "lastModified": 1731533236,
        "narHash": "sha256-l0KFg5HjrsfsO/JpG+r7fRrqm12kzFHyUHqHCVpMMbI=",
        "owner": "numtide",
        "repo": "flake-utils",
        "rev": "11707dc2f618dd54ca8739b309ec4fc024de578b",
        "type": "github"
      },
      "original": {
        "owner": "numtide",
        "repo": "flake-utils",
        "type": "github"
      }
    },
    "gen-luarc": {
      "inputs": {
        "flake-parts": "flake-parts_5",
        "nixpkgs": "nixpkgs_6"
      },
      "locked": {
        "lastModified": 1718922730,
        "narHash": "sha256-ykhhOPqA9NzdNBr3ii+3h2DkK2+wasNqQLfMF6BXxTE=",
        "owner": "mrcjkb",
        "repo": "nix-gen-luarc-json",
        "rev": "021e8078e43884c6cdc70ca753d9a0b146cd55a4",
        "type": "github"
      },
      "original": {
        "owner": "mrcjkb",
        "repo": "nix-gen-luarc-json",
        "type": "github"
      }
    },
    "git-hooks": {
      "inputs": {
        "flake-compat": "flake-compat_3",
        "gitignore": "gitignore",
        "nixpkgs": [
          "nvim-flake",
          "neovim-nightly-overlay",
          "nixpkgs"
        ]
      },
      "locked": {
        "lastModified": 1737301351,
        "narHash": "sha256-2UNmLCKORvdBRhPGI8Vx0b6l7M8/QBey/nHLIxOl4jE=",
        "owner": "cachix",
        "repo": "git-hooks.nix",
        "rev": "15a87cedeb67e3dbc8d2f7b9831990dffcf4e69f",
        "type": "github"
      },
      "original": {
        "owner": "cachix",
        "repo": "git-hooks.nix",
        "type": "github"
      }
    },
    "gitignore": {
      "inputs": {
        "nixpkgs": [
          "nvim-flake",
          "neovim-nightly-overlay",
          "git-hooks",
          "nixpkgs"
        ]
      },
      "locked": {
        "lastModified": 1709087332,
        "narHash": "sha256-HG2cCnktfHsKV0s4XW83gU3F57gaTljL9KNSuG6bnQs=",
        "owner": "hercules-ci",
        "repo": "gitignore.nix",
        "rev": "637db329424fd7e46cf4185293b9cc8c88c95394",
        "type": "github"
      },
      "original": {
        "owner": "hercules-ci",
        "repo": "gitignore.nix",
        "type": "github"
      }
    },
    "hercules-ci-effects": {
      "inputs": {
        "flake-parts": "flake-parts_7",
        "nixpkgs": [
          "nvim-flake",
          "neovim-nightly-overlay",
          "nixpkgs"
        ]
      },
      "locked": {
        "lastModified": 1736917206,
        "narHash": "sha256-JTBWmyGf8K1Rwb+gviHIUzRJk/sITtT+72HXFkTZUjo=",
        "owner": "hercules-ci",
        "repo": "hercules-ci-effects",
        "rev": "afd0a42e8c61ebb56899315ee4084a8b2e4ff425",
        "type": "github"
      },
      "original": {
        "owner": "hercules-ci",
        "repo": "hercules-ci-effects",
        "type": "github"
      }
    },
    "home-manager": {
      "inputs": {
        "nixpkgs": [
          "catppuccin",
          "nixpkgs"
        ]
      },
      "locked": {
        "lastModified": 1736508663,
        "narHash": "sha256-ZOaGwa+WnB7Zn3YXimqjmIugAnHePdXCmNu+AHkq808=",
        "owner": "nix-community",
        "repo": "home-manager",
        "rev": "2532b500c3ed2b8940e831039dcec5a5ea093afc",
        "type": "github"
      },
      "original": {
        "owner": "nix-community",
        "repo": "home-manager",
        "type": "github"
      }
    },
    "home-manager-stable": {
      "inputs": {
        "nixpkgs": [
          "catppuccin",
          "nixpkgs-stable"
        ]
      },
      "locked": {
        "lastModified": 1736373539,
        "narHash": "sha256-dinzAqCjenWDxuy+MqUQq0I4zUSfaCvN9rzuCmgMZJY=",
        "owner": "nix-community",
        "repo": "home-manager",
        "rev": "bd65bc3cde04c16755955630b344bc9e35272c56",
        "type": "github"
      },
      "original": {
        "owner": "nix-community",
        "ref": "release-24.11",
        "repo": "home-manager",
        "type": "github"
      }
    },
    "home-manager_2": {
      "inputs": {
        "nixpkgs": [
          "nixpkgs"
        ]
      },
      "locked": {
        "lastModified": 1736373539,
        "narHash": "sha256-dinzAqCjenWDxuy+MqUQq0I4zUSfaCvN9rzuCmgMZJY=",
        "owner": "nix-community",
        "repo": "home-manager",
        "rev": "bd65bc3cde04c16755955630b344bc9e35272c56",
        "type": "github"
      },
      "original": {
        "owner": "nix-community",
        "ref": "release-24.11",
        "repo": "home-manager",
        "type": "github"
      }
    },
    "hyprcursor": {
      "inputs": {
        "hyprlang": [
          "hyprland",
          "hyprlang"
        ],
        "nixpkgs": [
          "hyprland",
          "nixpkgs"
        ],
        "systems": [
          "hyprland",
          "systems"
        ]
      },
      "locked": {
        "lastModified": 1718450675,
        "narHash": "sha256-jpsns6buS4bK+1sF8sL8AaixAiCRjA+nldTKvcwmvUs=",
        "owner": "hyprwm",
        "repo": "hyprcursor",
        "rev": "66d5b46ff94efbfa6fa3d1d1b66735f1779c34a6",
        "type": "github"
      },
      "original": {
        "owner": "hyprwm",
        "repo": "hyprcursor",
        "type": "github"
      }
    },
    "hyprland": {
      "inputs": {
        "hyprcursor": "hyprcursor",
        "hyprlang": "hyprlang",
        "hyprutils": "hyprutils",
        "hyprwayland-scanner": "hyprwayland-scanner",
        "nixpkgs": "nixpkgs_2",
        "systems": "systems_3",
        "xdph": "xdph"
      },
      "locked": {
        "lastModified": 1719317162,
        "narHash": "sha256-JmfnYz+9a4TjNl3mAus1VpoWtTI9d1xkW9MHbkcV0Po=",
        "ref": "refs/heads/main",
        "rev": "918d8340afd652b011b937d29d5eea0be08467f5",
        "revCount": 4886,
        "submodules": true,
        "type": "git",
        "url": "https://github.com/hyprwm/Hyprland"
      },
      "original": {
        "rev": "918d8340afd652b011b937d29d5eea0be08467f5",
        "submodules": true,
        "type": "git",
        "url": "https://github.com/hyprwm/Hyprland"
      }
    },
    "hyprland-plugins": {
      "inputs": {
        "hyprland": [
          "hyprland"
        ],
        "nixpkgs": [
          "hyprland-plugins",
          "hyprland",
          "nixpkgs"
        ],
        "systems": [
          "hyprland-plugins",
          "hyprland",
          "systems"
        ]
      },
      "locked": {
        "lastModified": 1737138010,
        "narHash": "sha256-BcuNt1KC2WsxdUg4Km5vnLNccu91fteiOwvKEHFJa/Y=",
        "owner": "hyprwm",
        "repo": "hyprland-plugins",
        "rev": "d2dad5b434b338d18458bafa506f2993c13f24fc",
        "type": "github"
      },
      "original": {
        "owner": "hyprwm",
        "repo": "hyprland-plugins",
        "type": "github"
      }
    },
    "hyprland-protocols": {
      "inputs": {
        "nixpkgs": [
          "hyprland",
          "xdph",
          "nixpkgs"
        ],
        "systems": [
          "hyprland",
          "xdph",
          "systems"
        ]
      },
      "locked": {
        "lastModified": 1714869498,
        "narHash": "sha256-vbLVOWvQqo4n1yvkg/Q70VTlPbMmTiCQfNTgcWDCfJM=",
        "owner": "hyprwm",
        "repo": "hyprland-protocols",
        "rev": "e06482e0e611130cd1929f75e8c1cf679e57d161",
        "type": "github"
      },
      "original": {
        "owner": "hyprwm",
        "repo": "hyprland-protocols",
        "type": "github"
      }
    },
    "hyprlang": {
      "inputs": {
        "hyprutils": [
          "hyprland",
          "hyprutils"
        ],
        "nixpkgs": [
          "hyprland",
          "nixpkgs"
        ],
        "systems": [
          "hyprland",
          "systems"
        ]
      },
      "locked": {
        "lastModified": 1717881852,
        "narHash": "sha256-XeeVoKHQgfKuXoP6q90sUqKyl7EYy3ol2dVZGM+Jj94=",
        "owner": "hyprwm",
        "repo": "hyprlang",
        "rev": "ec6938c66253429192274d612912649a0cfe4d28",
        "type": "github"
      },
      "original": {
        "owner": "hyprwm",
        "repo": "hyprlang",
        "type": "github"
      }
    },
    "hyprutils": {
      "inputs": {
        "nixpkgs": [
          "hyprland",
          "nixpkgs"
        ],
        "systems": [
          "hyprland",
          "systems"
        ]
      },
      "locked": {
        "lastModified": 1719316102,
        "narHash": "sha256-dmRz128j/lJmMuTYeCYPfSBRHHQO3VeH4PbmoyAhHzw=",
        "owner": "hyprwm",
        "repo": "hyprutils",
        "rev": "1f6bbec5954f623ff8d68e567bddcce97cd2f085",
        "type": "github"
      },
      "original": {
        "owner": "hyprwm",
        "repo": "hyprutils",
        "type": "github"
      }
    },
    "hyprwayland-scanner": {
      "inputs": {
        "nixpkgs": [
          "hyprland",
          "nixpkgs"
        ],
        "systems": [
          "hyprland",
          "systems"
        ]
      },
      "locked": {
        "lastModified": 1719067853,
        "narHash": "sha256-mAnZG/eQy72Fp1ImGtqCgUrDumnR1rMZv2E/zgP4U74=",
        "owner": "hyprwm",
        "repo": "hyprwayland-scanner",
        "rev": "914f083741e694092ee60a39d31f693d0a6dc734",
        "type": "github"
      },
      "original": {
        "owner": "hyprwm",
        "repo": "hyprwayland-scanner",
        "type": "github"
      }
    },
    "ixx": {
      "inputs": {
        "flake-utils": [
          "catppuccin",
          "nuscht-search",
          "flake-utils"
        ],
        "nixpkgs": [
          "catppuccin",
          "nuscht-search",
          "nixpkgs"
        ]
      },
      "locked": {
        "lastModified": 1729958008,
        "narHash": "sha256-EiOq8jF4Z/zQe0QYVc3+qSKxRK//CFHMB84aYrYGwEs=",
        "owner": "NuschtOS",
        "repo": "ixx",
        "rev": "9fd01aad037f345350eab2cd45e1946cc66da4eb",
        "type": "github"
      },
      "original": {
        "owner": "NuschtOS",
        "ref": "v0.0.6",
        "repo": "ixx",
        "type": "github"
      }
    },
    "neovim-nightly-overlay": {
      "inputs": {
        "flake-compat": "flake-compat_2",
        "flake-parts": "flake-parts_6",
        "git-hooks": "git-hooks",
        "hercules-ci-effects": "hercules-ci-effects",
        "neovim-src": "neovim-src",
        "nixpkgs": [
          "nvim-flake",
          "nixpkgs"
        ],
        "treefmt-nix": "treefmt-nix_2"
      },
      "locked": {
        "lastModified": 1737444129,
        "narHash": "sha256-RDwsCYHgjFf6iTi5JSfpOAnuQenDh8VFKU01XluVWM8=",
        "owner": "nix-community",
        "repo": "neovim-nightly-overlay",
        "rev": "ac8238031094d5242da26947bfc7174369c12e33",
        "type": "github"
      },
      "original": {
        "owner": "nix-community",
        "repo": "neovim-nightly-overlay",
        "type": "github"
      }
    },
    "neovim-src": {
      "flake": false,
      "locked": {
        "lastModified": 1737414984,
        "narHash": "sha256-A1ITJgtOOwhSC5wB/jfBV9ZuAftroeYRYFqA+aFKgac=",
        "owner": "neovim",
        "repo": "neovim",
        "rev": "855a2a75e6f7d08376c221a46e0179e5c76176ec",
        "type": "github"
      },
      "original": {
        "owner": "neovim",
        "repo": "neovim",
        "type": "github"
      }
    },
    "nixCats": {
      "locked": {
        "lastModified": 1737460174,
        "narHash": "sha256-dB2HsnN3/yCu8h8lJ94WJI8XFBjMGBC9gOJ51TegAc4=",
        "owner": "BirdeeHub",
        "repo": "nixCats-nvim",
        "rev": "a9d14539739d20bec14e0bbc6315fbb6194a3a31",
        "type": "github"
      },
      "original": {
        "owner": "BirdeeHub",
        "repo": "nixCats-nvim",
        "type": "github"
      }
    },
    "nixos-cli": {
      "inputs": {
        "flake-compat": "flake-compat",
        "flake-parts": "flake-parts",
        "nixpkgs": [
          "nixpkgs-unstable"
        ],
        "zig-deps-fod": "zig-deps-fod"
      },
      "locked": {
        "lastModified": 1731793907,
        "narHash": "sha256-oDWPl9V7AGM+cci9/jhlQlVSImuNqfcu3t3ffmxEyY4=",
        "owner": "water-sucks",
        "repo": "nixos",
        "rev": "2d44c5c8a077f778b96fd1f213611786144d9a72",
        "type": "github"
      },
      "original": {
        "owner": "water-sucks",
        "repo": "nixos",
        "type": "github"
      }
    },
    "nixpkgs": {
      "locked": {
        "lastModified": 1736012469,
        "narHash": "sha256-/qlNWm/IEVVH7GfgAIyP6EsVZI6zjAx1cV5zNyrs+rI=",
        "owner": "NixOS",
        "repo": "nixpkgs",
        "rev": "8f3e1f807051e32d8c95cd12b9b421623850a34d",
        "type": "github"
      },
      "original": {
        "owner": "NixOS",
        "ref": "nixos-unstable",
        "repo": "nixpkgs",
        "type": "github"
      }
    },
    "nixpkgs-lib": {
      "locked": {
        "lastModified": 1719876945,
        "narHash": "sha256-Fm2rDDs86sHy0/1jxTOKB1118Q0O3Uc7EC0iXvXKpbI=",
        "type": "tarball",
        "url": "https://github.com/NixOS/nixpkgs/archive/5daf0514482af3f97abaefc78a6606365c9108e2.tar.gz"
      },
      "original": {
        "type": "tarball",
        "url": "https://github.com/NixOS/nixpkgs/archive/5daf0514482af3f97abaefc78a6606365c9108e2.tar.gz"
      }
    },
    "nixpkgs-lib_2": {
      "locked": {
        "lastModified": 1717284937,
        "narHash": "sha256-lIbdfCsf8LMFloheeE6N31+BMIeixqyQWbSr2vk79EQ=",
        "type": "tarball",
        "url": "https://github.com/NixOS/nixpkgs/archive/eb9ceca17df2ea50a250b6b27f7bf6ab0186f198.tar.gz"
      },
      "original": {
        "type": "tarball",
        "url": "https://github.com/NixOS/nixpkgs/archive/eb9ceca17df2ea50a250b6b27f7bf6ab0186f198.tar.gz"
      }
    },
    "nixpkgs-lib_3": {
      "locked": {
        "lastModified": 1717284937,
        "narHash": "sha256-lIbdfCsf8LMFloheeE6N31+BMIeixqyQWbSr2vk79EQ=",
        "type": "tarball",
        "url": "https://github.com/NixOS/nixpkgs/archive/eb9ceca17df2ea50a250b6b27f7bf6ab0186f198.tar.gz"
      },
      "original": {
        "type": "tarball",
        "url": "https://github.com/NixOS/nixpkgs/archive/eb9ceca17df2ea50a250b6b27f7bf6ab0186f198.tar.gz"
      }
    },
    "nixpkgs-lib_4": {
      "locked": {
        "lastModified": 1717284937,
        "narHash": "sha256-lIbdfCsf8LMFloheeE6N31+BMIeixqyQWbSr2vk79EQ=",
        "type": "tarball",
        "url": "https://github.com/NixOS/nixpkgs/archive/eb9ceca17df2ea50a250b6b27f7bf6ab0186f198.tar.gz"
      },
      "original": {
        "type": "tarball",
        "url": "https://github.com/NixOS/nixpkgs/archive/eb9ceca17df2ea50a250b6b27f7bf6ab0186f198.tar.gz"
      }
    },
    "nixpkgs-stable": {
      "locked": {
        "lastModified": 1736061677,
        "narHash": "sha256-DjkQPnkAfd7eB522PwnkGhOMuT9QVCZspDpJJYyOj60=",
        "owner": "NixOS",
        "repo": "nixpkgs",
        "rev": "cbd8ec4de4469333c82ff40d057350c30e9f7d36",
        "type": "github"
      },
      "original": {
        "owner": "NixOS",
        "ref": "nixos-24.11",
        "repo": "nixpkgs",
        "type": "github"
      }
    },
    "nixpkgs-unstable": {
      "locked": {
        "lastModified": 1737062831,
        "narHash": "sha256-Tbk1MZbtV2s5aG+iM99U8FqwxU/YNArMcWAv6clcsBc=",
        "owner": "nixos",
        "repo": "nixpkgs",
        "rev": "5df43628fdf08d642be8ba5b3625a6c70731c19c",
        "type": "github"
      },
      "original": {
        "owner": "nixos",
        "ref": "nixos-unstable",
        "repo": "nixpkgs",
        "type": "github"
      }
    },
    "nixpkgs_2": {
      "locked": {
        "lastModified": 1719075281,
        "narHash": "sha256-CyyxvOwFf12I91PBWz43iGT1kjsf5oi6ax7CrvaMyAo=",
        "owner": "NixOS",
        "repo": "nixpkgs",
        "rev": "a71e967ef3694799d0c418c98332f7ff4cc5f6af",
        "type": "github"
      },
      "original": {
        "owner": "NixOS",
        "ref": "nixos-unstable",
        "repo": "nixpkgs",
        "type": "github"
      }
    },
    "nixpkgs_3": {
      "locked": {
        "lastModified": 1718428119,
        "narHash": "sha256-WdWDpNaq6u1IPtxtYHHWpl5BmabtpmLnMAx0RdJ/vo8=",
        "owner": "NixOS",
        "repo": "nixpkgs",
        "rev": "e6cea36f83499eb4e9cd184c8a8e823296b50ad5",
        "type": "github"
      },
      "original": {
        "owner": "NixOS",
        "ref": "nixpkgs-unstable",
        "repo": "nixpkgs",
        "type": "github"
      }
    },
    "nixpkgs_4": {
      "locked": {
        "lastModified": 1737299813,
        "narHash": "sha256-Qw2PwmkXDK8sPQ5YQ/y/icbQ+TYgbxfjhgnkNJyT1X8=",
        "owner": "nixos",
        "repo": "nixpkgs",
        "rev": "107d5ef05c0b1119749e381451389eded30fb0d5",
        "type": "github"
      },
      "original": {
        "owner": "nixos",
        "ref": "nixos-24.11",
        "repo": "nixpkgs",
        "type": "github"
      }
    },
    "nixpkgs_5": {
      "locked": {
        "lastModified": 1737062831,
        "narHash": "sha256-Tbk1MZbtV2s5aG+iM99U8FqwxU/YNArMcWAv6clcsBc=",
        "owner": "nixos",
        "repo": "nixpkgs",
        "rev": "5df43628fdf08d642be8ba5b3625a6c70731c19c",
        "type": "github"
      },
      "original": {
        "owner": "nixos",
        "ref": "nixos-unstable",
        "repo": "nixpkgs",
        "type": "github"
      }
    },
    "nixpkgs_6": {
      "locked": {
        "lastModified": 1718714799,
        "narHash": "sha256-FUZpz9rg3gL8NVPKbqU8ei1VkPLsTIfAJ2fdAf5qjak=",
        "owner": "nixos",
        "repo": "nixpkgs",
        "rev": "c00d587b1a1afbf200b1d8f0b0e4ba9deb1c7f0e",
        "type": "github"
      },
      "original": {
        "owner": "nixos",
        "ref": "nixos-unstable",
        "repo": "nixpkgs",
        "type": "github"
      }
    },
    "nixpkgs_7": {
      "locked": {
        "lastModified": 1718870667,
        "narHash": "sha256-jab3Kpc8O1z3qxwVsCMHL4+18n5Wy/HHKyu1fcsF7gs=",
        "owner": "NixOS",
        "repo": "nixpkgs",
        "rev": "9b10b8f00cb5494795e5f51b39210fed4d2b0748",
        "type": "github"
      },
      "original": {
        "owner": "NixOS",
        "ref": "nixpkgs-unstable",
        "repo": "nixpkgs",
        "type": "github"
      }
    },
    "nixpkgs_8": {
      "locked": {
        "lastModified": 1736320768,
        "narHash": "sha256-nIYdTAiKIGnFNugbomgBJR+Xv5F1ZQU+HfaBqJKroC0=",
        "owner": "NixOS",
        "repo": "nixpkgs",
        "rev": "4bc9c909d9ac828a039f288cf872d16d38185db8",
        "type": "github"
      },
      "original": {
        "owner": "NixOS",
        "ref": "nixpkgs-unstable",
        "repo": "nixpkgs",
        "type": "github"
      }
    },
    "nur": {
      "inputs": {
        "flake-parts": "flake-parts_3",
        "nixpkgs": "nixpkgs_5",
        "treefmt-nix": "treefmt-nix"
      },
      "locked": {
        "lastModified": 1737460068,
        "narHash": "sha256-HUy+zP5K/MX5Ysy/Cp/pYRqiKLJHKCC8qtNQnQ/Hg4I=",
        "owner": "nix-community",
        "repo": "NUR",
        "rev": "c3d7ee1a3efedd5639cbb9914f75f68d1b321540",
        "type": "github"
      },
      "original": {
        "owner": "nix-community",
        "repo": "NUR",
        "type": "github"
      }
    },
    "nuscht-search": {
      "inputs": {
        "flake-utils": "flake-utils",
        "ixx": "ixx",
        "nixpkgs": [
          "catppuccin",
          "nixpkgs"
        ]
      },
      "locked": {
        "lastModified": 1735854821,
        "narHash": "sha256-Iv59gMDZajNfezTO0Fw6LHE7uKAShxbvMidmZREit7c=",
        "owner": "NuschtOS",
        "repo": "search",
        "rev": "836908e3bddd837ae0f13e215dd48767aee355f0",
        "type": "github"
      },
      "original": {
        "owner": "NuschtOS",
        "repo": "search",
        "type": "github"
      }
    },
    "nvim-flake": {
      "inputs": {
        "care-nvim": "care-nvim",
        "neovim-nightly-overlay": "neovim-nightly-overlay",
        "nixCats": "nixCats",
        "nixpkgs": [
          "nixpkgs-unstable"
        ],
        "plugins-base16-nvim": "plugins-base16-nvim",
        "plugins-care-cmp": "plugins-care-cmp",
        "plugins-gitsigns-nvim": "plugins-gitsigns-nvim",
        "plugins-helpview-nvim": "plugins-helpview-nvim",
        "plugins-lazydev-nvim": "plugins-lazydev-nvim",
        "plugins-lz-n": "plugins-lz-n",
        "plugins-markview-nvim": "plugins-markview-nvim",
        "plugins-nvim-cmp-buffer": "plugins-nvim-cmp-buffer",
        "plugins-nvim-cmp-path": "plugins-nvim-cmp-path",
        "plugins-nvim-cmp-spell": "plugins-nvim-cmp-spell",
        "plugins-nvim-lspconfig": "plugins-nvim-lspconfig",
        "plugins-plenary-nvim": "plugins-plenary-nvim",
        "plugins-resession-nvim": "plugins-resession-nvim",
        "plugins-resession-telescope-nvim": "plugins-resession-telescope-nvim",
        "plugins-telescope-nvim": "plugins-telescope-nvim",
        "plugins-which-key-nvim": "plugins-which-key-nvim",
        "rust-overlay": "rust-overlay"
      },
      "locked": {
        "lastModified": 1737461311,
        "narHash": "sha256-rBkicEILW3870rVVpNaVl/Wvski1LkwsquGuqeLyC78=",
        "owner": "matthis-k",
        "repo": "nvim-flake",
        "rev": "6decfa9c8ace4ca280baa5f7bc6d9429463c8f04",
        "type": "github"
      },
      "original": {
        "owner": "matthis-k",
        "repo": "nvim-flake",
        "type": "github"
      }
    },
    "plugins-base16-nvim": {
      "flake": false,
      "locked": {
        "lastModified": 1716483968,
        "narHash": "sha256-GRF/6AobXHamw8TZ3FjL7SI6ulcpwpcohsIuZeCSh2A=",
        "owner": "RRethy",
        "repo": "base16-nvim",
        "rev": "6ac181b5733518040a33017dde654059cd771b7c",
        "type": "github"
      },
      "original": {
        "owner": "RRethy",
        "repo": "base16-nvim",
        "type": "github"
      }
    },
    "plugins-care-cmp": {
      "flake": false,
      "locked": {
        "lastModified": 1731150544,
        "narHash": "sha256-0JIGcmgpLg2ozkpSkZhITKi3QS9bp0y7202ea0mkhro=",
        "owner": "max397574",
        "repo": "care-cmp",
        "rev": "8d85ed4d4719ad31845a670660cf596e3e6275e4",
        "type": "github"
      },
      "original": {
        "owner": "max397574",
        "repo": "care-cmp",
        "type": "github"
      }
    },
    "plugins-gitsigns-nvim": {
      "flake": false,
      "locked": {
        "lastModified": 1737456691,
        "narHash": "sha256-z32R1SH1wpg0ZVGGdkJvyMedgp20DqGmx/I7lFb7L1o=",
        "owner": "lewis6991",
        "repo": "gitsigns.nvim",
        "rev": "f9170c3b74d94525201e5a40543d8924a2a883a7",
        "type": "github"
      },
      "original": {
        "owner": "lewis6991",
        "repo": "gitsigns.nvim",
        "type": "github"
      }
    },
    "plugins-helpview-nvim": {
      "flake": false,
      "locked": {
        "lastModified": 1724653959,
        "narHash": "sha256-x5ZV/1LKrxhQWsxsJwrIfD7BogKO7H2GKzDt3PABEh8=",
        "owner": "OXY2DEV",
        "repo": "helpview.nvim",
        "rev": "857aec1dab331252910da158ab6cbfbc65239c71",
        "type": "github"
      },
      "original": {
        "owner": "OXY2DEV",
        "repo": "helpview.nvim",
        "type": "github"
      }
    },
    "plugins-lazydev-nvim": {
      "flake": false,
      "locked": {
        "lastModified": 1734714787,
        "narHash": "sha256-ZaAkGTwEBoOjy6RyIPKFLJswxfOu886bN899UakXAv0=",
        "owner": "folke",
        "repo": "lazydev.nvim",
        "rev": "8620f82ee3f59ff2187647167b6b47387a13a018",
        "type": "github"
      },
      "original": {
        "owner": "folke",
        "repo": "lazydev.nvim",
        "type": "github"
      }
    },
    "plugins-lz-n": {
      "flake": false,
      "locked": {
        "lastModified": 1737251778,
        "narHash": "sha256-J8/UMygdIdSdlOEJ6SuicqAXsYdo4Pn2Di5bgtsqKGU=",
        "owner": "nvim-neorocks",
        "repo": "lz.n",
        "rev": "cd2ef2cd178517170f0246567ee6368b1cadf50b",
        "type": "github"
      },
      "original": {
        "owner": "nvim-neorocks",
        "repo": "lz.n",
        "type": "github"
      }
    },
    "plugins-markview-nvim": {
      "flake": false,
      "locked": {
        "lastModified": 1736309194,
        "narHash": "sha256-ZbZWF7hcJysfnbMraqsmK7PFSEU70P7TBKpZqgriTmk=",
        "owner": "OXY2DEV",
        "repo": "markview.nvim",
        "rev": "6e9f1840ba33e5318285ad97c22676f55b753479",
        "type": "github"
      },
      "original": {
        "owner": "OXY2DEV",
        "repo": "markview.nvim",
        "type": "github"
      }
    },
    "plugins-nvim-cmp-buffer": {
      "flake": false,
      "locked": {
        "lastModified": 1660101488,
        "narHash": "sha256-dG4U7MtnXThoa/PD+qFtCt76MQ14V1wX8GMYcvxEnbM=",
        "owner": "hrsh7th",
        "repo": "cmp-buffer",
        "rev": "3022dbc9166796b644a841a02de8dd1cc1d311fa",
        "type": "github"
      },
      "original": {
        "owner": "hrsh7th",
        "repo": "cmp-buffer",
        "type": "github"
      }
    },
    "plugins-nvim-cmp-path": {
      "flake": false,
      "locked": {
        "lastModified": 1664784283,
        "narHash": "sha256-thppiiV3wjIaZnAXmsh7j3DUc6ceSCvGzviwFUnoPaI=",
        "owner": "hrsh7th",
        "repo": "cmp-path",
        "rev": "91ff86cd9c29299a64f968ebb45846c485725f23",
        "type": "github"
      },
      "original": {
        "owner": "hrsh7th",
        "repo": "cmp-path",
        "type": "github"
      }
    },
    "plugins-nvim-cmp-spell": {
      "flake": false,
      "locked": {
        "lastModified": 1715084923,
        "narHash": "sha256-Gf7HSocvHmTleVQytNYmmN+fFX7kl5sYHQSpUJc0CGI=",
        "owner": "f3fora",
        "repo": "cmp-spell",
        "rev": "694a4e50809d6d645c1ea29015dad0c293f019d6",
        "type": "github"
      },
      "original": {
        "owner": "f3fora",
        "repo": "cmp-spell",
        "type": "github"
      }
    },
    "plugins-nvim-lspconfig": {
      "flake": false,
      "locked": {
        "lastModified": 1737458496,
        "narHash": "sha256-SIAv7SZ9CliD+BM/cUbhl+zEEhfzeKVXgXXNfFMmWS8=",
        "owner": "neovim",
        "repo": "nvim-lspconfig",
        "rev": "3d4180a5ef085b9da249919cce01c62b53c07d6a",
        "type": "github"
      },
      "original": {
        "owner": "neovim",
        "repo": "nvim-lspconfig",
        "type": "github"
      }
    },
    "plugins-plenary-nvim": {
      "flake": false,
      "locked": {
        "lastModified": 1736675595,
        "narHash": "sha256-18zX3kZ42ynRefFP0mOcy6ESEpejTukjNi4jCRXx48A=",
        "owner": "nvim-lua",
        "repo": "plenary.nvim",
        "rev": "3707cdb1e43f5cea73afb6037e6494e7ce847a66",
        "type": "github"
      },
      "original": {
        "owner": "nvim-lua",
        "repo": "plenary.nvim",
        "type": "github"
      }
    },
    "plugins-resession-nvim": {
      "flake": false,
      "locked": {
        "lastModified": 1735014468,
        "narHash": "sha256-D0IK+uqAMYvI+nV06dSlj2NtpI+8azQHJk6Ypa9bX1A=",
        "owner": "stevearc",
        "repo": "resession.nvim",
        "rev": "271a6fd7afa90142be59fca3a5c3b9865e40e6b9",
        "type": "github"
      },
      "original": {
        "owner": "stevearc",
        "repo": "resession.nvim",
        "type": "github"
      }
    },
    "plugins-resession-telescope-nvim": {
      "flake": false,
      "locked": {
        "lastModified": 1719167594,
        "narHash": "sha256-j5mSvv+NaLLIbIr3h9i+v9bxH9O4dX02QzsRSppMYT4=",
        "owner": "scottmckendry",
        "repo": "telescope-resession.nvim",
        "rev": "a5dd49e7324ecee4ba662032301cc8a4ceb51eaa",
        "type": "github"
      },
      "original": {
        "owner": "scottmckendry",
        "repo": "telescope-resession.nvim",
        "type": "github"
      }
    },
    "plugins-telescope-nvim": {
      "flake": false,
      "locked": {
        "lastModified": 1736328372,
        "narHash": "sha256-5y8srYKaAqFplMtDjsc8GdDF8yui5vCNMiOeFLrC/sM=",
        "owner": "nvim-telescope",
        "repo": "telescope.nvim",
        "rev": "415af52339215926d705cccc08145f3782c4d132",
        "type": "github"
      },
      "original": {
        "owner": "nvim-telescope",
        "repo": "telescope.nvim",
        "type": "github"
      }
    },
    "plugins-which-key-nvim": {
      "flake": false,
      "locked": {
        "lastModified": 1736055319,
        "narHash": "sha256-9V74V01dCqg1w5fpzzCmyfhR3/AYQg2MCIYkkjFv1go=",
        "owner": "folke",
        "repo": "which-key.nvim",
        "rev": "1f8d414f61e0b05958c342df9b6a4c89ce268766",
        "type": "github"
      },
      "original": {
        "owner": "folke",
        "repo": "which-key.nvim",
        "type": "github"
      }
    },
    "root": {
      "inputs": {
        "Hyprspace": "Hyprspace",
        "ags": "ags",
        "astal": "astal_2",
        "catppuccin": "catppuccin",
        "home-manager": "home-manager_2",
        "hyprland": "hyprland",
        "hyprland-plugins": "hyprland-plugins",
        "nixos-cli": "nixos-cli",
        "nixpkgs": "nixpkgs_4",
        "nixpkgs-unstable": "nixpkgs-unstable",
        "nur": "nur",
        "nvim-flake": "nvim-flake",
        "rust-overlay": "rust-overlay_2",
        "spicetify": "spicetify"
      }
    },
    "rust-overlay": {
      "inputs": {
        "nixpkgs": [
          "nvim-flake",
          "nixpkgs"
        ]
      },
      "locked": {
        "lastModified": 1737426362,
        "narHash": "sha256-4SavpRWfRw2pLG1qqErWpk/hI1eCzqjKcE1motxHZgo=",
        "owner": "oxalica",
        "repo": "rust-overlay",
        "rev": "2103fcb16359438d42141bac873ed2367a05cbe7",
        "type": "github"
      },
      "original": {
        "owner": "oxalica",
        "repo": "rust-overlay",
        "type": "github"
      }
    },
    "rust-overlay_2": {
      "inputs": {
        "nixpkgs": "nixpkgs_8"
      },
      "locked": {
        "lastModified": 1737426362,
        "narHash": "sha256-4SavpRWfRw2pLG1qqErWpk/hI1eCzqjKcE1motxHZgo=",
        "owner": "oxalica",
        "repo": "rust-overlay",
        "rev": "2103fcb16359438d42141bac873ed2367a05cbe7",
        "type": "github"
      },
      "original": {
        "owner": "oxalica",
        "repo": "rust-overlay",
        "type": "github"
      }
    },
    "spicetify": {
      "inputs": {
        "flake-compat": "flake-compat_4",
        "nixpkgs": [
          "nixpkgs"
        ]
      },
      "locked": {
        "lastModified": 1737433017,
        "narHash": "sha256-eCAps1mnTkbyjoKVWfkklDG7xpYTzKfBuQk4Rovbn1M=",
        "owner": "Gerg-L",
        "repo": "spicetify-nix",
        "rev": "1738341d2b1408ff63641af72043977f7d817293",
        "type": "github"
      },
      "original": {
        "owner": "Gerg-L",
        "repo": "spicetify-nix",
        "type": "github"
      }
    },
    "systems": {
      "locked": {
        "lastModified": 1689347949,
        "narHash": "sha256-12tWmuL2zgBgZkdoB6qXZsgJEH9LR3oUgpaQq2RbI80=",
        "owner": "nix-systems",
        "repo": "default-linux",
        "rev": "31732fcf5e8fea42e59c2488ad31a0e651500f68",
        "type": "github"
      },
      "original": {
        "owner": "nix-systems",
        "repo": "default-linux",
        "type": "github"
      }
    },
    "systems_2": {
      "locked": {
        "lastModified": 1681028828,
        "narHash": "sha256-Vy1rq5AaRuLzOxct8nz4T6wlgyUR7zLU309k9mBC768=",
        "owner": "nix-systems",
        "repo": "default",
        "rev": "da67096a3b9bf56a91d16901293e51ba5b49a27e",
        "type": "github"
      },
      "original": {
        "owner": "nix-systems",
        "repo": "default",
        "type": "github"
      }
    },
    "systems_3": {
      "locked": {
        "lastModified": 1689347949,
        "narHash": "sha256-12tWmuL2zgBgZkdoB6qXZsgJEH9LR3oUgpaQq2RbI80=",
        "owner": "nix-systems",
        "repo": "default-linux",
        "rev": "31732fcf5e8fea42e59c2488ad31a0e651500f68",
        "type": "github"
      },
      "original": {
        "owner": "nix-systems",
        "repo": "default-linux",
        "type": "github"
      }
    },
    "treefmt-nix": {
      "inputs": {
        "nixpkgs": [
          "nur",
          "nixpkgs"
        ]
      },
      "locked": {
        "lastModified": 1733222881,
        "narHash": "sha256-JIPcz1PrpXUCbaccEnrcUS8jjEb/1vJbZz5KkobyFdM=",
        "owner": "numtide",
        "repo": "treefmt-nix",
        "rev": "49717b5af6f80172275d47a418c9719a31a78b53",
        "type": "github"
      },
      "original": {
        "owner": "numtide",
        "repo": "treefmt-nix",
        "type": "github"
      }
    },
    "treefmt-nix_2": {
      "inputs": {
        "nixpkgs": [
          "nvim-flake",
          "neovim-nightly-overlay",
          "nixpkgs"
        ]
      },
      "locked": {
        "lastModified": 1737103437,
        "narHash": "sha256-uPNWcYbhY2fjY3HOfRCR5jsfzdzemhfxLSxwjXYXqNc=",
        "owner": "numtide",
        "repo": "treefmt-nix",
        "rev": "d1ed3b385f8130e392870cfb1dbfaff8a63a1899",
        "type": "github"
      },
      "original": {
        "owner": "numtide",
        "repo": "treefmt-nix",
        "type": "github"
      }
    },
    "xdph": {
      "inputs": {
        "hyprland-protocols": "hyprland-protocols",
        "hyprlang": [
          "hyprland",
          "hyprlang"
        ],
        "nixpkgs": [
          "hyprland",
          "nixpkgs"
        ],
        "systems": [
          "hyprland",
          "systems"
        ]
      },
      "locked": {
        "lastModified": 1718619174,
        "narHash": "sha256-FWW68AVYmB91ZDQnhLMBNCUUTCjb1ZpO2k2KIytHtkA=",
        "owner": "hyprwm",
        "repo": "xdg-desktop-portal-hyprland",
        "rev": "c7894aa54f9a7dbd16df5cd24d420c8af22d5623",
        "type": "github"
      },
      "original": {
        "owner": "hyprwm",
        "repo": "xdg-desktop-portal-hyprland",
        "type": "github"
      }
    },
    "zig-deps-fod": {
      "inputs": {
        "flake-parts": "flake-parts_2",
        "nixpkgs": "nixpkgs_3"
      },
      "locked": {
        "lastModified": 1720999842,
        "narHash": "sha256-9G/mlNIbamhnTs1VGB0RlU+JcJGHw5bN0D9BcnQf+DM=",
        "owner": "water-sucks",
        "repo": "zig-deps-fod",
        "rev": "f0a57cdf06f2100d7a045a4062592aeb89468868",
        "type": "github"
      },
      "original": {
        "owner": "water-sucks",
        "repo": "zig-deps-fod",
        "type": "github"
      }
    }
  },
  "root": "root",
  "version": 7
}
